dependencies:
- name: eazybank-common
  repository: file://../../eazybank-common
  version: 0.1.0
- name: configserver
  repository: file://../../eazybank-services/configserver
  version: 0.1.0
- name: eureka
  repository: file://../../eazybank-services/eurekaserver
  version: 0.1.0
- name: accounts
  repository: file://../../eazybank-services/accounts
  version: 0.1.0
- name: cards
  repository: file://../../eazybank-services/cards
  version: 0.1.0
- name: loans
  repository: file://../../eazybank-services/loans
  version: 0.1.0
- name: gatewayserver
  repository: file://../../eazybank-services/gatewayserver
  version: 0.1.0
- name: message
  repository: file://../../eazybank-services/message
  version: 0.1.0
digest: sha256:06f1c8e762be45b18f0a185ec75c0e69f1adb3c3068b3784929c736111c5e7ed
generated: "2024-04-20T15:28:24.566239-04:00"
